<?xml version="1.0" encoding="UTF-8"?>
<CONFIG>
  <ProjectOptions>
    <Version Value="12"/>
    <PathDelim Value="\"/>
    <General>
      <Flags>
        <AlwaysBuild Value="True"/>
        <LRSInOutputDirectory Value="False"/>
        <CompatibilityMode Value="True"/>
      </Flags>
      <Title Value="TPC"/>
      <Scaled Value="True"/>
      <Icon Value="0"/>
    </General>
    <VersionInfo>
      <UseVersionInfo Value="True"/>
      <AutoIncrementBuild Value="True"/>
      <MajorVersionNr Value="6"/>
      <Language Value=""/>
      <CharSet Value=""/>
      <Attributes pvaPreRelease="True"/>
      <StringTable CompanyName="M31 Software" FileDescription="Provides a graphical user interface for configuring the POL UO emulator." InternalName="POLCfgEdit" LegalCopyright="Copyright Dan Gardner 2008-2022" ProductName="The POL Configurator" ProductVersion="6.0.0.0"/>
    </VersionInfo>
    <BuildModes Count="3" Active="Release">
      <Item1 Name="default" Default="True"/>
      <Item2 Name="Debug">
        <CompilerOptions>
          <Version Value="11"/>
          <PathDelim Value="\"/>
          <Parsing>
            <SyntaxOptions>
              <IncludeAssertionCode Value="True"/>
            </SyntaxOptions>
          </Parsing>
          <CodeGeneration>
            <Checks>
              <IOChecks Value="True"/>
              <RangeChecks Value="True"/>
              <OverflowChecks Value="True"/>
              <StackChecks Value="True"/>
            </Checks>
            <VerifyObjMethodCallValidity Value="True"/>
          </CodeGeneration>
          <Linking>
            <Debugging>
              <DebugInfoType Value="dsDwarf2Set"/>
              <UseHeaptrc Value="True"/>
              <TrashVariables Value="True"/>
              <UseExternalDbgSyms Value="True"/>
            </Debugging>
            <Options>
              <Win32>
                <GraphicApplication Value="True"/>
              </Win32>
            </Options>
          </Linking>
        </CompilerOptions>
      </Item2>
      <Item3 Name="Release">
        <CompilerOptions>
          <Version Value="11"/>
          <PathDelim Value="\"/>
          <SearchPaths>
            <OtherUnitFiles Value="synapse40\source\lib"/>
          </SearchPaths>
          <CodeGeneration>
            <SmartLinkUnit Value="True"/>
            <Optimizations>
              <OptimizationLevel Value="3"/>
            </Optimizations>
          </CodeGeneration>
          <Linking>
            <Debugging>
              <GenerateDebugInfo Value="False"/>
            </Debugging>
            <LinkSmart Value="True"/>
            <Options>
              <Win32>
                <GraphicApplication Value="True"/>
              </Win32>
            </Options>
          </Linking>
        </CompilerOptions>
      </Item3>
    </BuildModes>
    <PublishOptions>
      <Version Value="2"/>
      <DestinationDirectory Value="D:\GitHub\New folder"/>
    </PublishOptions>
    <RunParams>
      <local>
        <LaunchingApplication PathPlusParams="/usr/X11R6/bin/xterm -T &apos;Lazarus Run Output&apos; -e $(LazarusDir)/tools/runwait.sh $(TargetCmdLine)"/>
      </local>
      <FormatVersion Value="2"/>
      <Modes Count="1">
        <Mode0 Name="default">
          <local>
            <LaunchingApplication PathPlusParams="/usr/X11R6/bin/xterm -T &apos;Lazarus Run Output&apos; -e $(LazarusDir)/tools/runwait.sh $(TargetCmdLine)"/>
          </local>
        </Mode0>
      </Modes>
    </RunParams>
    <RequiredPackages Count="2">
      <Item1>
        <PackageName Value="RunTimeTypeInfoControls"/>
      </Item1>
      <Item2>
        <PackageName Value="LCL"/>
      </Item2>
    </RequiredPackages>
    <Units Count="12">
      <Unit0>
        <Filename Value="pol_configurator.lpr"/>
        <IsPartOfProject Value="True"/>
        <EditorIndex Value="3"/>
        <TopLine Value="4"/>
        <CursorPos X="2" Y="33"/>
        <UsageCount Value="203"/>
        <Loaded Value="True"/>
      </Unit0>
      <Unit1>
        <Filename Value="polcfgedit.pas"/>
        <IsPartOfProject Value="True"/>
        <ComponentName Value="POLConfigurator"/>
        <HasResources Value="True"/>
        <ResourceBaseClass Value="Form"/>
        <IsVisibleTab Value="True"/>
        <TopLine Value="4113"/>
        <CursorPos X="36" Y="4139"/>
        <FoldState Value=" TM H#J6Dn"/>
        <UsageCount Value="203"/>
        <Loaded Value="True"/>
        <LoadedDesigner Value="True"/>
      </Unit1>
      <Unit2>
        <Filename Value="C:\lazarus\lcl\interfaces\win32\interfaces.pp"/>
        <UnitName Value="Interfaces"/>
        <EditorIndex Value="-1"/>
        <TopLine Value="2"/>
        <CursorPos Y="37"/>
        <UsageCount Value="119"/>
      </Unit2>
      <Unit3>
        <Filename Value="missingfilesform.pas"/>
        <IsPartOfProject Value="True"/>
        <ComponentName Value="FormMissingFiles"/>
        <HasResources Value="True"/>
        <ResourceBaseClass Value="Form"/>
        <UnitName Value="missingFilesForm"/>
        <EditorIndex Value="6"/>
        <CursorPos Y="53"/>
        <ComponentState Value="1"/>
        <UsageCount Value="200"/>
        <Loaded Value="True"/>
      </Unit3>
      <Unit4>
        <Filename Value="accountinfoform.pas"/>
        <IsPartOfProject Value="True"/>
        <ComponentName Value="AccountInfoEntryForm"/>
        <HasResources Value="True"/>
        <ResourceBaseClass Value="Form"/>
        <EditorIndex Value="2"/>
        <CursorPos Y="42"/>
        <UsageCount Value="203"/>
        <Loaded Value="True"/>
        <LoadedDesigner Value="True"/>
      </Unit4>
      <Unit5>
        <Filename Value="acctpoldatamissing.pas"/>
        <ComponentName Value="AcctsAndPolReplacement"/>
        <HasResources Value="True"/>
        <ResourceBaseClass Value="Form"/>
        <EditorIndex Value="-1"/>
        <CursorPos X="13"/>
        <UsageCount Value="200"/>
      </Unit5>
      <Unit6>
        <Filename Value="filecopyform.pas"/>
        <IsPartOfProject Value="True"/>
        <ComponentName Value="FileCopyFrm"/>
        <HasResources Value="True"/>
        <ResourceBaseClass Value="Form"/>
        <EditorIndex Value="5"/>
        <CursorPos X="20" Y="35"/>
        <UsageCount Value="209"/>
        <Loaded Value="True"/>
      </Unit6>
      <Unit7>
        <Filename Value="unsavedsettings.pas"/>
        <IsPartOfProject Value="True"/>
        <ComponentName Value="UnsavedSettingsFrm"/>
        <HasResources Value="True"/>
        <ResourceBaseClass Value="Form"/>
        <UnitName Value="unsavedSettings"/>
        <EditorIndex Value="-1"/>
        <ComponentState Value="1"/>
        <UsageCount Value="200"/>
      </Unit7>
      <Unit8>
        <Filename Value="externprogsel.pas"/>
        <IsPartOfProject Value="True"/>
        <ComponentName Value="ExtrnProgFrm"/>
        <HasResources Value="True"/>
        <ResourceBaseClass Value="Form"/>
        <EditorIndex Value="4"/>
        <TopLine Value="77"/>
        <CursorPos X="68" Y="90"/>
        <UsageCount Value="203"/>
        <Loaded Value="True"/>
        <LoadedDesigner Value="True"/>
      </Unit8>
      <Unit9>
        <Filename Value="new_server.pas"/>
        <IsPartOfProject Value="True"/>
        <ComponentName Value="NewPOLServer"/>
        <HasResources Value="True"/>
        <ResourceBaseClass Value="Form"/>
        <EditorIndex Value="1"/>
        <CursorPos Y="4"/>
        <UsageCount Value="207"/>
        <Loaded Value="True"/>
        <LoadedDesigner Value="True"/>
      </Unit9>
      <Unit10>
        <Filename Value="C:\lazarus\components\lazutils\fileutil.pas"/>
        <UnitName Value="FileUtil"/>
        <EditorIndex Value="-1"/>
        <TopLine Value="45"/>
        <CursorPos X="10" Y="58"/>
        <UsageCount Value="100"/>
      </Unit10>
      <Unit11>
        <Filename Value="..\lazarus\Classes\Config File Unit\configfileu.pas"/>
        <EditorIndex Value="-1"/>
        <CursorPos X="3" Y="27"/>
        <UsageCount Value="5"/>
      </Unit11>
    </Units>
    <JumpHistory Count="30" HistoryIndex="29">
      <Position1>
        <Filename Value="polcfgedit.pas"/>
        <Caret Line="3282" Column="3" TopLine="3278"/>
      </Position1>
      <Position2>
        <Filename Value="polcfgedit.pas"/>
        <Caret Line="551" Column="37" TopLine="539"/>
      </Position2>
      <Position3>
        <Filename Value="polcfgedit.pas"/>
        <Caret Line="1436" Column="34" TopLine="1422"/>
      </Position3>
      <Position4>
        <Filename Value="polcfgedit.pas"/>
        <Caret Line="1435" Column="11" TopLine="1423"/>
      </Position4>
      <Position5>
        <Filename Value="polcfgedit.pas"/>
        <Caret Line="1445" TopLine="1404"/>
      </Position5>
      <Position6>
        <Filename Value="polcfgedit.pas"/>
        <Caret Line="3017" TopLine="4365"/>
      </Position6>
      <Position7>
        <Filename Value="polcfgedit.pas"/>
        <Caret Line="2974" Column="25" TopLine="2956"/>
      </Position7>
      <Position8>
        <Filename Value="polcfgedit.pas"/>
        <Caret Line="551" Column="37" TopLine="539"/>
      </Position8>
      <Position9>
        <Filename Value="polcfgedit.pas"/>
        <Caret Line="1419" Column="3" TopLine="1411"/>
      </Position9>
      <Position10>
        <Filename Value="polcfgedit.pas"/>
        <Caret Line="3015" Column="25" TopLine="2999"/>
      </Position10>
      <Position11>
        <Filename Value="polcfgedit.pas"/>
      </Position11>
      <Position12>
        <Filename Value="polcfgedit.pas"/>
        <Caret Line="551" Column="37" TopLine="530"/>
      </Position12>
      <Position13>
        <Filename Value="externprogsel.pas"/>
        <Caret Line="90" Column="64" TopLine="79"/>
      </Position13>
      <Position14>
        <Filename Value="polcfgedit.pas"/>
        <Caret Line="1439" Column="68" TopLine="1426"/>
      </Position14>
      <Position15>
        <Filename Value="polcfgedit.pas"/>
        <Caret Line="4135" Column="3" TopLine="4131"/>
      </Position15>
      <Position16>
        <Filename Value="polcfgedit.pas"/>
        <Caret Line="3427" TopLine="3436"/>
      </Position16>
      <Position17>
        <Filename Value="polcfgedit.pas"/>
        <Caret Line="545" Column="45" TopLine="533"/>
      </Position17>
      <Position18>
        <Filename Value="polcfgedit.pas"/>
        <Caret Line="216" Column="20" TopLine="204"/>
      </Position18>
      <Position19>
        <Filename Value="polcfgedit.pas"/>
        <Caret Line="4135" Column="3" TopLine="4131"/>
      </Position19>
      <Position20>
        <Filename Value="polcfgedit.pas"/>
      </Position20>
      <Position21>
        <Filename Value="polcfgedit.pas"/>
        <Caret Line="77" Column="13" TopLine="56"/>
      </Position21>
      <Position22>
        <Filename Value="polcfgedit.pas"/>
        <Caret Line="78" Column="13" TopLine="57"/>
      </Position22>
      <Position23>
        <Filename Value="polcfgedit.pas"/>
        <Caret Line="195" Column="13" TopLine="174"/>
      </Position23>
      <Position24>
        <Filename Value="polcfgedit.pas"/>
        <Caret Line="196" Column="13" TopLine="175"/>
      </Position24>
      <Position25>
        <Filename Value="polcfgedit.pas"/>
        <Caret Line="224" Column="13" TopLine="203"/>
      </Position25>
      <Position26>
        <Filename Value="polcfgedit.pas"/>
        <Caret Line="518" Column="23" TopLine="497"/>
      </Position26>
      <Position27>
        <Filename Value="polcfgedit.pas"/>
        <Caret Line="545" Column="45" TopLine="524"/>
      </Position27>
      <Position28>
        <Filename Value="polcfgedit.pas"/>
        <Caret Line="1512" Column="58" TopLine="1499"/>
      </Position28>
      <Position29>
        <Filename Value="polcfgedit.pas"/>
        <Caret Line="4139" Column="36" TopLine="4132"/>
      </Position29>
      <Position30>
        <Filename Value="polcfgedit.pas"/>
        <Caret Line="2872" Column="16" TopLine="2860"/>
      </Position30>
    </JumpHistory>
  </ProjectOptions>
  <CompilerOptions>
    <Version Value="11"/>
    <PathDelim Value="\"/>
    <Linking>
      <Options>
        <Win32>
          <GraphicApplication Value="True"/>
        </Win32>
      </Options>
    </Linking>
  </CompilerOptions>
  <Debugging>
    <BreakPoints Count="5">
      <Item1>
        <Kind Value="bpkSource"/>
        <WatchScope Value="wpsGlobal"/>
        <WatchKind Value="wpkWrite"/>
        <Source Value="D:\TString\TStringTest.pas"/>
        <Line Value="43"/>
      </Item1>
      <Item2>
        <Kind Value="bpkSource"/>
        <WatchScope Value="wpsGlobal"/>
        <WatchKind Value="wpkWrite"/>
        <Source Value="D:\Programs\lazarus\lcl\interfaces\win32\interfaces.pp"/>
        <Line Value="1"/>
      </Item2>
      <Item3>
        <Kind Value="bpkSource"/>
        <WatchScope Value="wpsGlobal"/>
        <WatchKind Value="wpkWrite"/>
        <Source Value="D:\TString\Unit1.pas"/>
        <Line Value="66"/>
      </Item3>
      <Item4>
        <Kind Value="bpkSource"/>
        <WatchScope Value="wpsLocal"/>
        <WatchKind Value="wpkWrite"/>
        <Source Value="D:\POL Configurator2\polcfgedit.pas"/>
        <Line Value="2048"/>
      </Item4>
      <Item5>
        <Kind Value="bpkSource"/>
        <WatchScope Value="wpsLocal"/>
        <WatchKind Value="wpkWrite"/>
        <Source Value="D:\POL Configurator2\polcfgedit.pas"/>
        <Line Value="254"/>
      </Item5>
    </BreakPoints>
    <Exceptions Count="2">
      <Item1>
        <Name Value="ECodetoolError"/>
      </Item1>
      <Item2>
        <Name Value="EFOpenError"/>
      </Item2>
    </Exceptions>
  </Debugging>
</CONFIG>
